{
  "name": "optional_system",
  "version": "0.1.0",
  "lockfileVersion": 1,
  "requires": true,
  "dependencies": {
    "@firebase/app": {
      "version": "0.1.2",
      "resolved": "https://registry.npmjs.org/@firebase/app/-/app-0.1.2.tgz",
      "integrity": "sha512-H2moN0Dl5LJn1AiRsCvwJsfE7PLKYYYJc+WKqAta+qIB/ZzBAay8NTVBYHiqsteLHc7gXofoi8zEUrGjbmz4OQ==",
      "requires": {
        "@firebase/util": "0.1.2"
      }
    },
    "@firebase/auth": {
      "version": "0.2.2",
      "resolved": "https://registry.npmjs.org/@firebase/auth/-/auth-0.2.2.tgz",
      "integrity": "sha512-/qUnCjil7Eb0KQVErkziuyIbG1FrszD6+ttGY7+DTTbN+/QGjyqwTizwGLQDF8Itvf29O7YWKEdsoJyiwn/F4Q=="
    },
    "@firebase/database": {
      "version": "0.1.3",
      "resolved": "https://registry.npmjs.org/@firebase/database/-/database-0.1.3.tgz",
      "integrity": "sha512-Uk9IRPYDmpDRBvnIZhs16iQX/7GxetslWD+7N6GKgEDmO9csPC+9hHmdXkcVc6cG7xHCePdRJGvhrVt3ax7Fcw==",
      "requires": {
        "@firebase/util": "0.1.2",
        "faye-websocket": "0.11.1"
      }
    },
    "@firebase/firestore": {
      "version": "0.1.4",
      "resolved": "https://registry.npmjs.org/@firebase/firestore/-/firestore-0.1.4.tgz",
      "integrity": "sha512-ltt3zvvZ6LE37oIfVm0zeNA0DPo75YKWkfIyEbFlXDWkeNIt3lunhB4L777weUzZOmcZhX8T6pHx6xZM+ysDkA==",
      "requires": {
        "@firebase/webchannel-wrapper": "0.2.4"
      }
    },
    "@firebase/messaging": {
      "version": "0.1.3",
      "resolved": "https://registry.npmjs.org/@firebase/messaging/-/messaging-0.1.3.tgz",
      "integrity": "sha512-mQxG4y+wT7hCSsNzPGdFKjZ7/NLIdSJRYX59bLL3F0HMIuOlNtYXxKjN23vBGljwFufx3dQBtlX8beDBKbOv4Q==",
      "requires": {
        "@firebase/util": "0.1.2"
      }
    },
    "@firebase/polyfill": {
      "version": "0.1.2",
      "resolved": "https://registry.npmjs.org/@firebase/polyfill/-/polyfill-0.1.2.tgz",
      "integrity": "sha512-5oneu9nOYDZkZWyfvBXFa+ORWj9HeOYhwWy4HSJzCLKLnOvQSSZRcNBD2cVrysGR8tZCEfyKqq3fnwtODCvIQg==",
      "requires": {
        "promise-polyfill": "6.1.0"
      }
    },
    "@firebase/storage": {
      "version": "0.1.2",
      "resolved": "https://registry.npmjs.org/@firebase/storage/-/storage-0.1.2.tgz",
      "integrity": "sha512-Il1+R2BbFfhwq4H6OAF+hpxr5mAxoD3CK/i/78CiDATtKR5OU9kuQf7T3V3khMeFspK0H6r02Oe9gTbS2XhPkQ=="
    },
    "@firebase/util": {
      "version": "0.1.2",
      "resolved": "https://registry.npmjs.org/@firebase/util/-/util-0.1.2.tgz",
      "integrity": "sha512-XzvnxTsPIukAJmBVpBOGTLVgz27Iyoudmum6Bqy8Czu2qhWjikhkE1UlND7Gh5BwTpBVr03axjovRXgh5xgIxw=="
    },
    "@firebase/webchannel-wrapper": {
      "version": "0.2.4",
      "resolved": "https://registry.npmjs.org/@firebase/webchannel-wrapper/-/webchannel-wrapper-0.2.4.tgz",
      "integrity": "sha512-jEpglcwMlwdXc/JgvJaJtCSkPMktnFeI0gAZxPrmbJxKVzMZJ2zM582NbW/r6M22pSdNWjcWeg1I2LRg3jQGQA=="
    },
    "acorn": {
      "version": "5.2.1",
      "resolved": "https://registry.npmjs.org/acorn/-/acorn-5.2.1.tgz",
      "integrity": "sha512-jG0u7c4Ly+3QkkW18V+NRDN+4bWHdln30NL1ZL2AvFZZmQe/BfopYCtghCKKVBUSetZ4QKcyA0pY6/4Gw8Pv8w=="
    },
    "amdefine": {
      "version": "1.0.1",
      "resolved": "https://registry.npmjs.org/amdefine/-/amdefine-1.0.1.tgz",
      "integrity": "sha1-SlKCrBZHKek2Gbz9OtFR+BfOkfU="
    },
    "asap": {
      "version": "2.0.6",
      "resolved": "https://registry.npmjs.org/asap/-/asap-2.0.6.tgz",
      "integrity": "sha1-5QNHYR1+aQlDIIu9r+vLwvuGbUY="
    },
    "ast-types": {
      "version": "0.9.6",
      "resolved": "https://registry.npmjs.org/ast-types/-/ast-types-0.9.6.tgz",
      "integrity": "sha1-ECyenpAF0+fjgpvwxPok7oYu6bk="
    },
    "babel-runtime": {
      "version": "6.26.0",
      "resolved": "https://registry.npmjs.org/babel-runtime/-/babel-runtime-6.26.0.tgz",
      "integrity": "sha1-llxwWGaOgrVde/4E/yM3vItWR/4=",
      "requires": {
        "core-js": "2.5.1",
        "regenerator-runtime": "0.11.0"
      }
    },
    "balanced-match": {
      "version": "1.0.0",
      "resolved": "https://registry.npmjs.org/balanced-match/-/balanced-match-1.0.0.tgz",
      "integrity": "sha1-ibTRmasr7kneFk6gK4nORi1xt2c="
    },
    "base62": {
      "version": "1.2.1",
      "resolved": "https://registry.npmjs.org/base62/-/base62-1.2.1.tgz",
      "integrity": "sha512-xVtfFHNPUzpCNHygpXFGMlDk3saxXLQcOOQzAAk6ibvlAHgT6WKXLv9rMFhcyEK1n9LuDmp/LxyGW/Fm9L8++g=="
    },
    "bowser": {
      "version": "1.8.1",
      "resolved": "https://registry.npmjs.org/bowser/-/bowser-1.8.1.tgz",
      "integrity": "sha512-NMPaR8ILtdLSWzxQtEs16XbxMcY8ohWGQ5V+TZSJS3fNUt/PBAGkF6YWO9B/4qWE23bK3o0moQKq8UyFEosYkA=="
    },
    "brace-expansion": {
      "version": "1.1.8",
      "resolved": "https://registry.npmjs.org/brace-expansion/-/brace-expansion-1.1.8.tgz",
      "integrity": "sha1-wHshHHyVLsH479Uad+8NHTmQopI=",
      "requires": {
        "balanced-match": "1.0.0",
        "concat-map": "0.0.1"
      }
    },
    "bulma": {
      "version": "0.0.11",
      "resolved": "https://registry.npmjs.org/bulma/-/bulma-0.0.11.tgz",
      "integrity": "sha1-Fgune8kNW94JsjwOxYL+4a8mESY="
    },
    "bulma-react": {
      "version": "0.0.8",
      "resolved": "https://registry.npmjs.org/bulma-react/-/bulma-react-0.0.8.tgz",
      "integrity": "sha1-VMFNMc2anumjXfegrb83/FmhSlk=",
      "requires": {
        "bulma": "0.0.11",
        "classnames": "2.2.5",
        "react": "0.14.9",
        "react-dom": "0.14.9"
      },
      "dependencies": {
        "core-js": {
          "version": "1.2.7",
          "resolved": "https://registry.npmjs.org/core-js/-/core-js-1.2.7.tgz",
          "integrity": "sha1-ZSKUwUZR2yj6k70tX/KYOk8IxjY="
        },
        "fbjs": {
          "version": "0.6.1",
          "resolved": "https://registry.npmjs.org/fbjs/-/fbjs-0.6.1.tgz",
          "integrity": "sha1-lja3cF9bqWhNRLcveDISVK/IYPc=",
          "requires": {
            "core-js": "1.2.7",
            "loose-envify": "1.3.1",
            "promise": "7.3.1",
            "ua-parser-js": "0.7.17",
            "whatwg-fetch": "0.9.0"
          }
        },
        "react": {
          "version": "0.14.9",
          "resolved": "https://registry.npmjs.org/react/-/react-0.14.9.tgz",
          "integrity": "sha1-kRCmSXxJ1EuhwO3TF67CnC4NkdE=",
          "requires": {
            "envify": "3.4.1",
            "fbjs": "0.6.1"
          }
        },
        "react-dom": {
          "version": "0.14.9",
          "resolved": "https://registry.npmjs.org/react-dom/-/react-dom-0.14.9.tgz",
          "integrity": "sha1-BQZKPc8PsYgKOyv8nVjFXY2fYpM="
        },
        "whatwg-fetch": {
          "version": "0.9.0",
          "resolved": "https://registry.npmjs.org/whatwg-fetch/-/whatwg-fetch-0.9.0.tgz",
          "integrity": "sha1-DjaExsuZlbQ+/J3wPkw2XZX9nMA="
        }
      }
    },
    "chain-function": {
      "version": "1.0.0",
      "resolved": "https://registry.npmjs.org/chain-function/-/chain-function-1.0.0.tgz",
      "integrity": "sha1-DUqzfn4Y6tC9xHuSB2QRjOWHM9w="
    },
    "change-emitter": {
      "version": "0.1.6",
      "resolved": "https://registry.npmjs.org/change-emitter/-/change-emitter-0.1.6.tgz",
      "integrity": "sha1-6LL+PX8at9aaMhma/5HqaTFAlRU="
    },
    "classnames": {
      "version": "2.2.5",
      "resolved": "https://registry.npmjs.org/classnames/-/classnames-2.2.5.tgz",
      "integrity": "sha1-+zgB1FNGdknvNgPH1hoCvRKb3m0="
    },
    "commander": {
      "version": "2.12.2",
      "resolved": "https://registry.npmjs.org/commander/-/commander-2.12.2.tgz",
      "integrity": "sha512-BFnaq5ZOGcDN7FlrtBT4xxkgIToalIIxwjxLWVJ8bGTpe1LroqMiqQXdA7ygc7CRvaYS+9zfPGFnJqFSayx+AA=="
    },
    "commoner": {
      "version": "0.10.8",
      "resolved": "https://registry.npmjs.org/commoner/-/commoner-0.10.8.tgz",
      "integrity": "sha1-NPw2cs0kOT6LtH5wyqApOBH08sU=",
      "requires": {
        "commander": "2.12.2",
        "detective": "4.7.0",
        "glob": "5.0.15",
        "graceful-fs": "4.1.11",
        "iconv-lite": "0.4.19",
        "mkdirp": "0.5.1",
        "private": "0.1.8",
        "q": "1.5.1",
        "recast": "0.11.23"
      }
    },
    "concat-map": {
      "version": "0.0.1",
      "resolved": "https://registry.npmjs.org/concat-map/-/concat-map-0.0.1.tgz",
      "integrity": "sha1-2Klr13/Wjfd5OnMDajug1UBdR3s="
    },
    "core-js": {
      "version": "2.5.1",
      "resolved": "https://registry.npmjs.org/core-js/-/core-js-2.5.1.tgz",
      "integrity": "sha1-rmh03GaTd4m4B1T/VCjfZoGcpQs="
    },
    "css-in-js-utils": {
      "version": "2.0.0",
      "resolved": "https://registry.npmjs.org/css-in-js-utils/-/css-in-js-utils-2.0.0.tgz",
      "integrity": "sha512-yuWmPMD9FLi50Xf3k8W8oO3WM1eVnxEGCldCLyfusQ+CgivFk0s23yst4ooW6tfxMuSa03S6uUEga9UhX6GRrA==",
      "requires": {
        "hyphenate-style-name": "1.0.2"
      }
    },
    "deep-diff": {
      "version": "0.3.8",
      "resolved": "https://registry.npmjs.org/deep-diff/-/deep-diff-0.3.8.tgz",
      "integrity": "sha1-wB3mPvsO7JeYgB1Ax+Da4ltYLIQ="
    },
    "defined": {
      "version": "1.0.0",
      "resolved": "https://registry.npmjs.org/defined/-/defined-1.0.0.tgz",
      "integrity": "sha1-yY2bzvdWdBiOEQlpFRGZ45sfppM="
    },
    "detective": {
      "version": "4.7.0",
      "resolved": "https://registry.npmjs.org/detective/-/detective-4.7.0.tgz",
      "integrity": "sha512-4mBqSEdMfBpRAo/DQZnTcAXenpiSIJmVKbCMSotS+SFWWcrP/CKM6iBRPdTiEO+wZhlfEsoZlGqpG6ycl5vTqw==",
      "requires": {
        "acorn": "5.2.1",
        "defined": "1.0.0"
      }
    },
    "dom-helpers": {
      "version": "3.2.1",
      "resolved": "https://registry.npmjs.org/dom-helpers/-/dom-helpers-3.2.1.tgz",
      "integrity": "sha1-MgPgf+0he9H0JLAZc1WC/Deyglo="
    },
    "dom-storage": {
      "version": "2.0.2",
      "resolved": "https://registry.npmjs.org/dom-storage/-/dom-storage-2.0.2.tgz",
      "integrity": "sha1-7RfL9oq9EOCu+BgnE+KXxeS1ALA="
    },
    "encoding": {
      "version": "0.1.12",
      "resolved": "https://registry.npmjs.org/encoding/-/encoding-0.1.12.tgz",
      "integrity": "sha1-U4tm8+5izRq1HsMjgp0flIDHS+s=",
      "requires": {
        "iconv-lite": "0.4.19"
      }
    },
    "envify": {
      "version": "3.4.1",
      "resolved": "https://registry.npmjs.org/envify/-/envify-3.4.1.tgz",
      "integrity": "sha1-1xIjKejfFoi6dxsSUBkXyc5cvOg=",
      "requires": {
        "jstransform": "11.0.3",
        "through": "2.3.8"
      }
    },
    "esprima-fb": {
      "version": "15001.1.0-dev-harmony-fb",
      "resolved": "https://registry.npmjs.org/esprima-fb/-/esprima-fb-15001.1.0-dev-harmony-fb.tgz",
      "integrity": "sha1-MKlHMDxrjV6VW+4rmbHSMyBqaQE="
    },
    "faye-websocket": {
      "version": "0.11.1",
      "resolved": "https://registry.npmjs.org/faye-websocket/-/faye-websocket-0.11.1.tgz",
      "integrity": "sha1-8O/hjE9W5PQK/H4Gxxn9XuYYjzg=",
      "requires": {
        "websocket-driver": "0.7.0"
      }
    },
    "fbjs": {
      "version": "0.8.16",
      "resolved": "https://registry.npmjs.org/fbjs/-/fbjs-0.8.16.tgz",
      "integrity": "sha1-XmdDL1UNxBtXK/VYR7ispk5TN9s=",
      "requires": {
        "core-js": "1.2.7",
        "isomorphic-fetch": "2.2.1",
        "loose-envify": "1.3.1",
        "object-assign": "4.1.1",
        "promise": "7.3.1",
        "setimmediate": "1.0.5",
        "ua-parser-js": "0.7.17"
      },
      "dependencies": {
        "core-js": {
          "version": "1.2.7",
          "resolved": "https://registry.npmjs.org/core-js/-/core-js-1.2.7.tgz",
          "integrity": "sha1-ZSKUwUZR2yj6k70tX/KYOk8IxjY="
        }
      }
    },
    "firebase": {
      "version": "4.6.2",
      "resolved": "https://registry.npmjs.org/firebase/-/firebase-4.6.2.tgz",
      "integrity": "sha512-qI4qWZNO4/tS05goNaLYaxFd2/GgWVONPcqq+H1YyLi0ybWfF7oEVhw1dz8SY+7Xc5wc3S4jGSMi3apgINz1Zg==",
      "requires": {
        "@firebase/app": "0.1.2",
        "@firebase/auth": "0.2.2",
        "@firebase/database": "0.1.3",
        "@firebase/firestore": "0.1.4",
        "@firebase/messaging": "0.1.3",
        "@firebase/polyfill": "0.1.2",
        "@firebase/storage": "0.1.2",
        "dom-storage": "2.0.2",
        "xmlhttprequest": "1.8.0"
      }
    },
    "glob": {
      "version": "5.0.15",
      "resolved": "https://registry.npmjs.org/glob/-/glob-5.0.15.tgz",
      "integrity": "sha1-G8k2ueAvSmA/zCIuz3Yz0wuLk7E=",
      "requires": {
        "inflight": "1.0.6",
        "inherits": "2.0.3",
        "minimatch": "3.0.4",
        "once": "1.4.0",
        "path-is-absolute": "1.0.1"
      }
    },
    "graceful-fs": {
      "version": "4.1.11",
      "resolved": "https://registry.npmjs.org/graceful-fs/-/graceful-fs-4.1.11.tgz",
      "integrity": "sha1-Dovf5NHduIVNZOBOp8AOKgJuVlg="
    },
    "history": {
      "version": "4.7.2",
      "resolved": "https://registry.npmjs.org/history/-/history-4.7.2.tgz",
      "integrity": "sha512-1zkBRWW6XweO0NBcjiphtVJVsIQ+SXF29z9DVkceeaSLVMFXHool+fdCZD4spDCfZJCILPILc3bm7Bc+HRi0nA==",
      "requires": {
        "invariant": "2.2.2",
        "loose-envify": "1.3.1",
        "resolve-pathname": "2.2.0",
        "value-equal": "0.4.0",
        "warning": "3.0.0"
      }
    },
    "hoist-non-react-statics": {
      "version": "2.3.1",
      "resolved": "https://registry.npmjs.org/hoist-non-react-statics/-/hoist-non-react-statics-2.3.1.tgz",
      "integrity": "sha1-ND24TGAYxlB3iJgkATWhQg7iLOA="
    },
    "http-parser-js": {
      "version": "0.4.9",
      "resolved": "https://registry.npmjs.org/http-parser-js/-/http-parser-js-0.4.9.tgz",
      "integrity": "sha1-6hoE+2St/wJC6ZdPKX3Uw8rSceE="
    },
    "hyphenate-style-name": {
      "version": "1.0.2",
      "resolved": "https://registry.npmjs.org/hyphenate-style-name/-/hyphenate-style-name-1.0.2.tgz",
      "integrity": "sha1-MRYKNpMK2vH8BMYHT360FGXU7Es="
    },
    "iconv-lite": {
      "version": "0.4.19",
      "resolved": "https://registry.npmjs.org/iconv-lite/-/iconv-lite-0.4.19.tgz",
      "integrity": "sha512-oTZqweIP51xaGPI4uPa56/Pri/480R+mo7SeU+YETByQNhDG55ycFyNLIgta9vXhILrxXDmF7ZGhqZIcuN0gJQ=="
    },
    "inflight": {
      "version": "1.0.6",
      "resolved": "https://registry.npmjs.org/inflight/-/inflight-1.0.6.tgz",
      "integrity": "sha1-Sb1jMdfQLQwJvJEKEHW6gWW1bfk=",
      "requires": {
        "once": "1.4.0",
        "wrappy": "1.0.2"
      }
    },
    "inherits": {
      "version": "2.0.3",
      "resolved": "https://registry.npmjs.org/inherits/-/inherits-2.0.3.tgz",
      "integrity": "sha1-Yzwsg+PaQqUC9SRmAiSA9CCCYd4="
    },
    "inline-style-prefixer": {
      "version": "3.0.8",
      "resolved": "https://registry.npmjs.org/inline-style-prefixer/-/inline-style-prefixer-3.0.8.tgz",
      "integrity": "sha1-hVG45bTVcyROZqNLBPfTIHaitTQ=",
      "requires": {
        "bowser": "1.8.1",
        "css-in-js-utils": "2.0.0"
      }
    },
    "invariant": {
      "version": "2.2.2",
      "resolved": "https://registry.npmjs.org/invariant/-/invariant-2.2.2.tgz",
      "integrity": "sha1-nh9WrArNtr8wMwbzOL47IErmA2A=",
      "requires": {
        "loose-envify": "1.3.1"
      }
    },
    "is-stream": {
      "version": "1.1.0",
      "resolved": "https://registry.npmjs.org/is-stream/-/is-stream-1.1.0.tgz",
      "integrity": "sha1-EtSj3U5o4Lec6428hBc66A2RykQ="
    },
    "isarray": {
      "version": "0.0.1",
      "resolved": "https://registry.npmjs.org/isarray/-/isarray-0.0.1.tgz",
      "integrity": "sha1-ihis/Kmo9Bd+Cav8YDiTmwXR7t8="
    },
    "isomorphic-fetch": {
      "version": "2.2.1",
      "resolved": "https://registry.npmjs.org/isomorphic-fetch/-/isomorphic-fetch-2.2.1.tgz",
      "integrity": "sha1-YRrhrPFPXoH3KVB0coGf6XM1WKk=",
      "requires": {
        "node-fetch": "1.7.3",
        "whatwg-fetch": "2.0.3"
      }
    },
    "js-tokens": {
      "version": "3.0.2",
      "resolved": "https://registry.npmjs.org/js-tokens/-/js-tokens-3.0.2.tgz",
      "integrity": "sha1-mGbfOVECEw449/mWvOtlRDIJwls="
    },
    "jstransform": {
      "version": "11.0.3",
      "resolved": "https://registry.npmjs.org/jstransform/-/jstransform-11.0.3.tgz",
      "integrity": "sha1-CaeJk+CuTU70SH9hVakfYZDLQiM=",
      "requires": {
        "base62": "1.2.1",
        "commoner": "0.10.8",
        "esprima-fb": "15001.1.0-dev-harmony-fb",
        "object-assign": "2.1.1",
        "source-map": "0.4.4"
      },
      "dependencies": {
        "object-assign": {
          "version": "2.1.1",
          "resolved": "https://registry.npmjs.org/object-assign/-/object-assign-2.1.1.tgz",
          "integrity": "sha1-Q8NuXVaf+OSBbE76i+AtJpZ8GKo="
        }
      }
    },
    "keycode": {
      "version": "2.1.9",
      "resolved": "https://registry.npmjs.org/keycode/-/keycode-2.1.9.tgz",
      "integrity": "sha1-lkojxU5IiUBbSGGlyfBIDUUUHfo="
    },
    "lodash": {
      "version": "4.17.4",
      "resolved": "https://registry.npmjs.org/lodash/-/lodash-4.17.4.tgz",
      "integrity": "sha1-eCA6TRwyiuHYbcpkYONptX9AVa4="
    },
    "lodash-es": {
      "version": "4.17.4",
      "resolved": "https://registry.npmjs.org/lodash-es/-/lodash-es-4.17.4.tgz",
      "integrity": "sha1-3MHXVS4VCgZABzupyzHXDwMpUOc="
    },
    "lodash.merge": {
      "version": "4.6.0",
      "resolved": "https://registry.npmjs.org/lodash.merge/-/lodash.merge-4.6.0.tgz",
      "integrity": "sha1-aYhLoUSsM/5plzemCG3v+t0PicU="
    },
    "lodash.throttle": {
      "version": "4.1.1",
      "resolved": "https://registry.npmjs.org/lodash.throttle/-/lodash.throttle-4.1.1.tgz",
      "integrity": "sha1-wj6RtxAkKscMN/HhzaknTMOb8vQ="
    },
    "loose-envify": {
      "version": "1.3.1",
      "resolved": "https://registry.npmjs.org/loose-envify/-/loose-envify-1.3.1.tgz",
      "integrity": "sha1-0aitM/qc4OcT1l/dCsi3SNR4yEg=",
      "requires": {
        "js-tokens": "3.0.2"
      }
    },
    "material-ui": {
      "version": "0.19.4",
      "resolved": "https://registry.npmjs.org/material-ui/-/material-ui-0.19.4.tgz",
      "integrity": "sha1-ypzcqKqLtZTfrF2zjsn/BFoyNYc=",
      "requires": {
        "babel-runtime": "6.26.0",
        "inline-style-prefixer": "3.0.8",
        "keycode": "2.1.9",
        "lodash.merge": "4.6.0",
        "lodash.throttle": "4.1.1",
        "prop-types": "15.6.0",
        "react-event-listener": "0.5.1",
        "react-transition-group": "1.2.1",
        "recompose": "0.26.0",
        "simple-assign": "0.1.0",
        "warning": "3.0.0"
      }
    },
    "minimatch": {
      "version": "3.0.4",
      "resolved": "https://registry.npmjs.org/minimatch/-/minimatch-3.0.4.tgz",
      "integrity": "sha512-yJHVQEhyqPLUTgt9B83PXu6W3rx4MvvHvSUvToogpwoGDOUQ+yDrR0HRot+yOCdCO7u4hX3pWft6kWBBcqh0UA==",
      "requires": {
        "brace-expansion": "1.1.8"
      }
    },
    "minimist": {
      "version": "0.0.8",
      "resolved": "https://registry.npmjs.org/minimist/-/minimist-0.0.8.tgz",
      "integrity": "sha1-hX/Kv8M5fSYluCKCYuhqp6ARsF0="
    },
    "mkdirp": {
      "version": "0.5.1",
      "resolved": "https://registry.npmjs.org/mkdirp/-/mkdirp-0.5.1.tgz",
      "integrity": "sha1-MAV0OOrGz3+MR2fzhkjWaX11yQM=",
      "requires": {
        "minimist": "0.0.8"
      }
    },
    "node-fetch": {
      "version": "1.7.3",
      "resolved": "https://registry.npmjs.org/node-fetch/-/node-fetch-1.7.3.tgz",
      "integrity": "sha512-NhZ4CsKx7cYm2vSrBAr2PvFOe6sWDf0UYLRqA6svUYg7+/TSfVAu49jYC4BvQ4Sms9SZgdqGBgroqfDhJdTyKQ==",
      "requires": {
        "encoding": "0.1.12",
        "is-stream": "1.1.0"
      }
    },
    "object-assign": {
      "version": "4.1.1",
      "resolved": "https://registry.npmjs.org/object-assign/-/object-assign-4.1.1.tgz",
      "integrity": "sha1-IQmtx5ZYh8/AXLvUQsrIv7s2CGM="
    },
    "once": {
      "version": "1.4.0",
      "resolved": "https://registry.npmjs.org/once/-/once-1.4.0.tgz",
      "integrity": "sha1-WDsap3WWHUsROsF9nFC6753Xa9E=",
      "requires": {
        "wrappy": "1.0.2"
      }
    },
    "path-is-absolute": {
      "version": "1.0.1",
      "resolved": "https://registry.npmjs.org/path-is-absolute/-/path-is-absolute-1.0.1.tgz",
      "integrity": "sha1-F0uSaHNVNP+8es5r9TpanhtcX18="
    },
    "path-to-regexp": {
      "version": "1.7.0",
      "resolved": "https://registry.npmjs.org/path-to-regexp/-/path-to-regexp-1.7.0.tgz",
      "integrity": "sha1-Wf3g9DW62suhA6hOnTvGTpa5k30=",
      "requires": {
        "isarray": "0.0.1"
      }
    },
    "private": {
      "version": "0.1.8",
      "resolved": "https://registry.npmjs.org/private/-/private-0.1.8.tgz",
      "integrity": "sha512-VvivMrbvd2nKkiG38qjULzlc+4Vx4wm/whI9pQD35YrARNnhxeiRktSOhSukRLFNlzg6Br/cJPet5J/u19r/mg=="
    },
    "promise": {
      "version": "7.3.1",
      "resolved": "https://registry.npmjs.org/promise/-/promise-7.3.1.tgz",
      "integrity": "sha512-nolQXZ/4L+bP/UGlkfaIujX9BKxGwmQ9OT4mOt5yvy8iK1h3wqTEJCijzGANTCCl9nWjY41juyAn2K3Q1hLLTg==",
      "requires": {
        "asap": "2.0.6"
      }
    },
    "promise-polyfill": {
      "version": "6.1.0",
      "resolved": "https://registry.npmjs.org/promise-polyfill/-/promise-polyfill-6.1.0.tgz",
      "integrity": "sha1-36lpQ+qcEh/KTem1hoyznTRy4Fc="
    },
    "prop-types": {
      "version": "15.6.0",
      "resolved": "https://registry.npmjs.org/prop-types/-/prop-types-15.6.0.tgz",
      "integrity": "sha1-zq8IMCL8RrSjX2nhPvda7Q1jmFY=",
      "requires": {
        "fbjs": "0.8.16",
        "loose-envify": "1.3.1",
        "object-assign": "4.1.1"
      }
    },
    "q": {
      "version": "1.5.1",
      "resolved": "https://registry.npmjs.org/q/-/q-1.5.1.tgz",
      "integrity": "sha1-fjL3W0E4EpHQRhHxvxQQmsAGUdc="
    },
    "react-event-listener": {
      "version": "0.5.1",
      "resolved": "https://registry.npmjs.org/react-event-listener/-/react-event-listener-0.5.1.tgz",
      "integrity": "sha1-ujYHbke8N8Wmf/XM1Kn/DxViEEA=",
      "requires": {
        "babel-runtime": "6.26.0",
        "fbjs": "0.8.16",
        "prop-types": "15.6.0",
        "warning": "3.0.0"
      }
    },
    "react-redux": {
      "version": "5.0.6",
      "resolved": "https://registry.npmjs.org/react-redux/-/react-redux-5.0.6.tgz",
      "integrity": "sha512-8taaaGu+J7PMJQDJrk/xiWEYQmdo3mkXw6wPr3K3LxvXis3Fymiq7c13S+Tpls/AyNUAsoONkU81AP0RA6y6Vw==",
      "requires": {
        "hoist-non-react-statics": "2.3.1",
        "invariant": "2.2.2",
        "lodash": "4.17.4",
        "lodash-es": "4.17.4",
        "loose-envify": "1.3.1",
        "prop-types": "15.6.0"
      }
    },
    "react-router": {
      "version": "4.2.0",
      "resolved": "https://registry.npmjs.org/react-router/-/react-router-4.2.0.tgz",
      "integrity": "sha512-DY6pjwRhdARE4TDw7XjxjZsbx9lKmIcyZoZ+SDO7SBJ1KUeWNxT22Kara2AC7u6/c2SYEHlEDLnzBCcNhLE8Vg==",
      "requires": {
        "history": "4.7.2",
        "hoist-non-react-statics": "2.3.1",
        "invariant": "2.2.2",
        "loose-envify": "1.3.1",
        "path-to-regexp": "1.7.0",
        "prop-types": "15.6.0",
        "warning": "3.0.0"
      }
    },
    "react-router-dom": {
      "version": "4.2.2",
      "resolved": "https://registry.npmjs.org/react-router-dom/-/react-router-dom-4.2.2.tgz",
      "integrity": "sha512-cHMFC1ZoLDfEaMFoKTjN7fry/oczMgRt5BKfMAkTu5zEuJvUiPp1J8d0eXSVTnBh6pxlbdqDhozunOOLtmKfPA==",
      "requires": {
        "history": "4.7.2",
        "invariant": "2.2.2",
        "loose-envify": "1.3.1",
        "prop-types": "15.6.0",
        "react-router": "4.2.0",
        "warning": "3.0.0"
      }
    },
    "react-swipeable-views": {
      "version": "0.12.12",
      "resolved": "https://registry.npmjs.org/react-swipeable-views/-/react-swipeable-views-0.12.12.tgz",
      "integrity": "sha512-VphaZMAC8C7w8pps38ejJDr4SxmqCHemkTizXOM3qMo+MTlOg3W524Vg1sxtbC49SgYWp0OIGgVFDJ+EIJcemA==",
      "requires": {
        "babel-runtime": "6.26.0",
        "dom-helpers": "3.2.1",
        "prop-types": "15.6.0",
        "react-swipeable-views-core": "0.12.11",
        "react-swipeable-views-utils": "0.12.11",
        "warning": "3.0.0"
      }
    },
    "react-swipeable-views-core": {
      "version": "0.12.11",
      "resolved": "https://registry.npmjs.org/react-swipeable-views-core/-/react-swipeable-views-core-0.12.11.tgz",
      "integrity": "sha512-iQnQPFF10bx/xwIBhc0pVqMRS9i6c6rQp6ZRux7HUTFBk4BWcW7sNpmKRHSWv72nJnj+eF6jMrSSxZKhw8e8oA==",
      "requires": {
        "babel-runtime": "6.26.0",
        "warning": "3.0.0"
      }
    },
    "react-swipeable-views-utils": {
      "version": "0.12.11",
      "resolved": "https://registry.npmjs.org/react-swipeable-views-utils/-/react-swipeable-views-utils-0.12.11.tgz",
      "integrity": "sha512-jEVGeKNA5edFzqwSSZSVZ7+uZ86nvKLmqQJmnKiFKxPfelYnGbtn6CVj0oMYAqHuNqBFCCrQKWwdDrVdNB98tw==",
      "requires": {
        "babel-runtime": "6.26.0",
        "fbjs": "0.8.16",
        "keycode": "2.1.9",
        "prop-types": "15.6.0",
        "react-event-listener": "0.5.1",
        "react-swipeable-views-core": "0.12.11"
      }
    },
    "react-transition-group": {
      "version": "1.2.1",
      "resolved": "https://registry.npmjs.org/react-transition-group/-/react-transition-group-1.2.1.tgz",
      "integrity": "sha512-CWaL3laCmgAFdxdKbhhps+c0HRGF4c+hdM4H23+FI1QBNUyx/AMeIJGWorehPNSaKnQNOAxL7PQmqMu78CDj3Q==",
      "requires": {
        "chain-function": "1.0.0",
        "dom-helpers": "3.2.1",
        "loose-envify": "1.3.1",
        "prop-types": "15.6.0",
        "warning": "3.0.0"
      }
    },
    "recast": {
      "version": "0.11.23",
      "resolved": "https://registry.npmjs.org/recast/-/recast-0.11.23.tgz",
      "integrity": "sha1-RR/TAEqx5N+bTktmN2sqIZEkYtM=",
      "requires": {
        "ast-types": "0.9.6",
        "esprima": "3.1.3",
        "private": "0.1.8",
        "source-map": "0.5.7"
      },
      "dependencies": {
        "esprima": {
          "version": "3.1.3",
          "resolved": "https://registry.npmjs.org/esprima/-/esprima-3.1.3.tgz",
          "integrity": "sha1-/cpRzuYTOJXjyI1TXOSdv/YqRjM="
        },
        "source-map": {
          "version": "0.5.7",
          "resolved": "https://registry.npmjs.org/source-map/-/source-map-0.5.7.tgz",
          "integrity": "sha1-igOdLRAh0i0eoUyA2OpGi6LvP8w="
        }
      }
    },
    "recompose": {
      "version": "0.26.0",
      "resolved": "https://registry.npmjs.org/recompose/-/recompose-0.26.0.tgz",
      "integrity": "sha512-KwOu6ztO0mN5vy3+zDcc45lgnaUoaQse/a5yLVqtzTK13czSWnFGmXbQVmnoMgDkI5POd1EwIKSbjU1V7xdZog==",
      "requires": {
        "change-emitter": "0.1.6",
        "fbjs": "0.8.16",
        "hoist-non-react-statics": "2.3.1",
        "symbol-observable": "1.1.0"
      }
    },
    "redux": {
      "version": "3.7.2",
      "resolved": "https://registry.npmjs.org/redux/-/redux-3.7.2.tgz",
      "integrity": "sha512-pNqnf9q1hI5HHZRBkj3bAngGZW/JMCmexDlOxw4XagXY2o1327nHH54LoTjiPJ0gizoqPDRqWyX/00g0hD6w+A==",
      "requires": {
        "lodash": "4.17.4",
        "lodash-es": "4.17.4",
        "loose-envify": "1.3.1",
        "symbol-observable": "1.1.0"
      }
    },
    "redux-logger": {
      "version": "3.0.6",
      "resolved": "https://registry.npmjs.org/redux-logger/-/redux-logger-3.0.6.tgz",
      "integrity": "sha1-91VZZvMJjzyIYExEnPC69XeCdL8=",
      "requires": {
        "deep-diff": "0.3.8"
      }
    },
    "redux-thunk": {
      "version": "2.2.0",
      "resolved": "https://registry.npmjs.org/redux-thunk/-/redux-thunk-2.2.0.tgz",
      "integrity": "sha1-5hWhbha0ehmlFXZhM9Hj6Zt4UuU="
    },
    "regenerator-runtime": {
      "version": "0.11.0",
      "resolved": "https://registry.npmjs.org/regenerator-runtime/-/regenerator-runtime-0.11.0.tgz",
      "integrity": "sha512-/aA0kLeRb5N9K0d4fw7ooEbI+xDe+DKD499EQqygGqeS8N3xto15p09uY2xj7ixP81sNPXvRLnAQIqdVStgb1A=="
    },
    "resolve-pathname": {
      "version": "2.2.0",
      "resolved": "https://registry.npmjs.org/resolve-pathname/-/resolve-pathname-2.2.0.tgz",
      "integrity": "sha512-bAFz9ld18RzJfddgrO2e/0S2O81710++chRMUxHjXOYKF6jTAMrUNZrEZ1PvV0zlhfjidm08iRPdTLPno1FuRg=="
    },
    "setimmediate": {
      "version": "1.0.5",
      "resolved": "https://registry.npmjs.org/setimmediate/-/setimmediate-1.0.5.tgz",
      "integrity": "sha1-KQy7Iy4waULX1+qbg3Mqt4VvgoU="
    },
    "simple-assign": {
      "version": "0.1.0",
      "resolved": "https://registry.npmjs.org/simple-assign/-/simple-assign-0.1.0.tgz",
      "integrity": "sha1-F/0wZqXz13OPUDIbsPFMooHMS6o="
    },
    "source-map": {
      "version": "0.4.4",
      "resolved": "https://registry.npmjs.org/source-map/-/source-map-0.4.4.tgz",
      "integrity": "sha1-66T12pwNyZneaAMti092FzZSA2s=",
      "requires": {
        "amdefine": "1.0.1"
      }
    },
    "symbol-observable": {
      "version": "1.1.0",
      "resolved": "https://registry.npmjs.org/symbol-observable/-/symbol-observable-1.1.0.tgz",
      "integrity": "sha512-dQoid9tqQ+uotGhuTKEY11X4xhyYePVnqGSoSm3OGKh2E8LZ6RPULp1uXTctk33IeERlrRJYoVSBglsL05F5Uw=="
    },
    "through": {
      "version": "2.3.8",
      "resolved": "https://registry.npmjs.org/through/-/through-2.3.8.tgz",
      "integrity": "sha1-DdTJ/6q8NXlgsbckEV1+Doai4fU="
    },
    "ua-parser-js": {
      "version": "0.7.17",
      "resolved": "https://registry.npmjs.org/ua-parser-js/-/ua-parser-js-0.7.17.tgz",
      "integrity": "sha512-uRdSdu1oA1rncCQL7sCj8vSyZkgtL7faaw9Tc9rZ3mGgraQ7+Pdx7w5mnOSF3gw9ZNG6oc+KXfkon3bKuROm0g=="
    },
    "value-equal": {
      "version": "0.4.0",
      "resolved": "https://registry.npmjs.org/value-equal/-/value-equal-0.4.0.tgz",
      "integrity": "sha512-x+cYdNnaA3CxvMaTX0INdTCN8m8aF2uY9BvEqmxuYp8bL09cs/kWVQPVGcA35fMktdOsP69IgU7wFj/61dJHEw=="
    },
    "warning": {
      "version": "3.0.0",
      "resolved": "https://registry.npmjs.org/warning/-/warning-3.0.0.tgz",
      "integrity": "sha1-MuU3fLVy3kqwR1O9+IIcAe1gW3w=",
      "requires": {
        "loose-envify": "1.3.1"
      }
    },
    "websocket-driver": {
      "version": "0.7.0",
      "resolved": "https://registry.npmjs.org/websocket-driver/-/websocket-driver-0.7.0.tgz",
      "integrity": "sha1-DK+dLXVdk67gSdS90NP+LMoqJOs=",
      "requires": {
        "http-parser-js": "0.4.9",
        "websocket-extensions": "0.1.3"
      }
    },
    "websocket-extensions": {
      "version": "0.1.3",
      "resolved": "https://registry.npmjs.org/websocket-extensions/-/websocket-extensions-0.1.3.tgz",
      "integrity": "sha512-nqHUnMXmBzT0w570r2JpJxfiSD1IzoI+HGVdd3aZ0yNi3ngvQ4jv1dtHt5VGxfI2yj5yqImPhOK4vmIh2xMbGg=="
    },
    "whatwg-fetch": {
      "version": "2.0.3",
      "resolved": "https://registry.npmjs.org/whatwg-fetch/-/whatwg-fetch-2.0.3.tgz",
      "integrity": "sha1-nITsLc9oGH/wC8ZOEnS0QhduHIQ="
    },
    "wrappy": {
      "version": "1.0.2",
      "resolved": "https://registry.npmjs.org/wrappy/-/wrappy-1.0.2.tgz",
      "integrity": "sha1-tSQ9jz7BqjXxNkYFvA0QNuMKtp8="
    },
    "xmlhttprequest": {
      "version": "1.8.0",
      "resolved": "https://registry.npmjs.org/xmlhttprequest/-/xmlhttprequest-1.8.0.tgz",
      "integrity": "sha1-Z/4HXFwk/vOfnWX197f+dRcZaPw="
    }
  }
}
